
Microsoft Visual Studio Solution File, Format Version 12.00
# Visual Studio Version 16
VisualStudioVersion = 16.0.30804.86
MinimumVisualStudioVersion = 10.0.40219.1
Project("{FAE04EC0-301F-11D3-BF4B-00C04F79EFBC}") = "Программа курса денег", "Программа курса денег\Программа курса денег.csproj", "{FB7ECAD8-F55E-423A-A4B9-D6C6FCA1208A}"
EndProject
Global
	GlobalSection(SolutionConfigurationPlatforms) = preSolution
		Debug|Any CPU = Debug|Any CPU
		Release|Any CPU = Release|Any CPU
	EndGlobalSection
	GlobalSection(ProjectConfigurationPlatforms) = postSolution
		{FB7ECAD8-F55E-423A-A4B9-D6C6FCA1208A}.Debug|Any CPU.ActiveCfg = Debug|Any CPU
		{FB7ECAD8-F55E-423A-A4B9-D6C6FCA1208A}.Debug|Any CPU.Build.0 = Debug|Any CPU
		{FB7ECAD8-F55E-423A-A4B9-D6C6FCA1208A}.Release|Any CPU.ActiveCfg = Release|Any CPU
		{FB7ECAD8-F55E-423A-A4B9-D6C6FCA1208A}.Release|Any CPU.Build.0 = Release|Any CPU
	EndGlobalSection
	GlobalSection(SolutionProperties) = preSolution
		HideSolutionNode = FALSE
	EndGlobalSection
	GlobalSection(ExtensibilityGlobals) = postSolution
		SolutionGuid = {DDAF04B1-F67A-4A06-9068-38E2170755D0}
	EndGlobalSection
EndGlobal
